
Microsoft Visual Studio Solution File, Format Version 12.00
# Visual Studio Version 16
VisualStudioVersion = 16.0.28803.452
MinimumVisualStudioVersion = 10.0.40219.1
Project("{FAE04EC0-301F-11D3-BF4B-00C04F79EFBC}") = "Classes1", "Classes\Classes1.csproj", "{3855846E-57E1-44A5-9C9C-88617DFEAB27}"
EndProject
Project("{FAE04EC0-301F-11D3-BF4B-00C04F79EFBC}") = "Classes2", "Classes2\Classes2.csproj", "{0D47E884-7036-4D1B-A035-1EAF8F81EB76}"
EndProject
Project("{FAE04EC0-301F-11D3-BF4B-00C04F79EFBC}") = "Classes3", "Classes3\Classes3.csproj", "{C138B7D1-A0BE-4466-8EA3-27BA968E1D3E}"
EndProject
Global
	GlobalSection(SolutionConfigurationPlatforms) = preSolution
		Debug|Any CPU = Debug|Any CPU
		Release|Any CPU = Release|Any CPU
	EndGlobalSection
	GlobalSection(ProjectConfigurationPlatforms) = postSolution
		{3855846E-57E1-44A5-9C9C-88617DFEAB27}.Debug|Any CPU.ActiveCfg = Debug|Any CPU
		{3855846E-57E1-44A5-9C9C-88617DFEAB27}.Debug|Any CPU.Build.0 = Debug|Any CPU
		{3855846E-57E1-44A5-9C9C-88617DFEAB27}.Release|Any CPU.ActiveCfg = Release|Any CPU
		{3855846E-57E1-44A5-9C9C-88617DFEAB27}.Release|Any CPU.Build.0 = Release|Any CPU
		{0D47E884-7036-4D1B-A035-1EAF8F81EB76}.Debug|Any CPU.ActiveCfg = Debug|Any CPU
		{0D47E884-7036-4D1B-A035-1EAF8F81EB76}.Debug|Any CPU.Build.0 = Debug|Any CPU
		{0D47E884-7036-4D1B-A035-1EAF8F81EB76}.Release|Any CPU.ActiveCfg = Release|Any CPU
		{0D47E884-7036-4D1B-A035-1EAF8F81EB76}.Release|Any CPU.Build.0 = Release|Any CPU
		{C138B7D1-A0BE-4466-8EA3-27BA968E1D3E}.Debug|Any CPU.ActiveCfg = Debug|Any CPU
		{C138B7D1-A0BE-4466-8EA3-27BA968E1D3E}.Debug|Any CPU.Build.0 = Debug|Any CPU
		{C138B7D1-A0BE-4466-8EA3-27BA968E1D3E}.Release|Any CPU.ActiveCfg = Release|Any CPU
		{C138B7D1-A0BE-4466-8EA3-27BA968E1D3E}.Release|Any CPU.Build.0 = Release|Any CPU
	EndGlobalSection
	GlobalSection(SolutionProperties) = preSolution
		HideSolutionNode = FALSE
	EndGlobalSection
	GlobalSection(ExtensibilityGlobals) = postSolution
		SolutionGuid = {DED19DE7-0840-4DEE-A79B-3F1BFB72047F}
	EndGlobalSection
EndGlobal
